
Microsoft Visual Studio Solution File, Format Version 12.00
# Visual Studio Version 17
VisualStudioVersion = 17.1.32414.318
MinimumVisualStudioVersion = 10.0.40219.1
Project("{FAE04EC0-301F-11D3-BF4B-00C04F79EFBC}") = "FindMaximumnumber", "FindMaximumnumber\FindMaximumnumber.csproj", "{7FA4B5D6-672E-47BB-97EE-CC7015C23BE0}"
EndProject
Global
	GlobalSection(SolutionConfigurationPlatforms) = preSolution
		Debug|Any CPU = Debug|Any CPU
		Release|Any CPU = Release|Any CPU
	EndGlobalSection
	GlobalSection(ProjectConfigurationPlatforms) = postSolution
		{7FA4B5D6-672E-47BB-97EE-CC7015C23BE0}.Debug|Any CPU.ActiveCfg = Debug|Any CPU
		{7FA4B5D6-672E-47BB-97EE-CC7015C23BE0}.Debug|Any CPU.Build.0 = Debug|Any CPU
		{7FA4B5D6-672E-47BB-97EE-CC7015C23BE0}.Release|Any CPU.ActiveCfg = Release|Any CPU
		{7FA4B5D6-672E-47BB-97EE-CC7015C23BE0}.Release|Any CPU.Build.0 = Release|Any CPU
	EndGlobalSection
	GlobalSection(SolutionProperties) = preSolution
		HideSolutionNode = FALSE
	EndGlobalSection
	GlobalSection(ExtensibilityGlobals) = postSolution
		SolutionGuid = {C497E407-463B-4D06-97AF-BD8670DC2C31}
	EndGlobalSection
EndGlobal
